// !$*UTF8*$!
{
	archiveVersion = 1;
	classes = {
	};
	objectVersion = 55;
	objects = {

/* Begin PBXBuildFile section */
		60BBE8685229560C71B6C9E4 /* Pods_LimitLineLabel.framework in Frameworks */ = {isa = PBXBuildFile; fileRef = 1FD8ED0DED45F07F6BF72E76 /* Pods_LimitLineLabel.framework */; };
		9C91AE97283A639000C9EF0E /* AppDelegate.m in Sources */ = {isa = PBXBuildFile; fileRef = 9C91AE96283A639000C9EF0E /* AppDelegate.m */; };
		9C91AE9A283A639000C9EF0E /* SceneDelegate.m in Sources */ = {isa = PBXBuildFile; fileRef = 9C91AE99283A639000C9EF0E /* SceneDelegate.m */; };
		9C91AE9D283A639000C9EF0E /* ViewController.m in Sources */ = {isa = PBXBuildFile; fileRef = 9C91AE9C283A639000C9EF0E /* ViewController.m */; };
		9C91AEA0283A639000C9EF0E /* Main.storyboard in Resources */ = {isa = PBXBuildFile; fileRef = 9C91AE9E283A639000C9EF0E /* Main.storyboard */; };
		9C91AEA2283A639700C9EF0E /* Assets.xcassets in Resources */ = {isa = PBXBuildFile; fileRef = 9C91AEA1283A639700C9EF0E /* Assets.xcassets */; };
		9C91AEA5283A639700C9EF0E /* LaunchScreen.storyboard in Resources */ = {isa = PBXBuildFile; fileRef = 9C91AEA3283A639700C9EF0E /* LaunchScreen.storyboard */; };
		9C91AEA8283A639800C9EF0E /* main.m in Sources */ = {isa = PBXBuildFile; fileRef = 9C91AEA7283A639800C9EF0E /* main.m */; };
		9C91AEB0283A650800C9EF0E /* LimitLabelTableViewCell.m in Sources */ = {isa = PBXBuildFile; fileRef = 9C91AEAF283A650800C9EF0E /* LimitLabelTableViewCell.m */; };
		9C91AEB6283A67D000C9EF0E /* NSString+Util.m in Sources */ = {isa = PBXBuildFile; fileRef = 9C91AEB3283A67CF00C9EF0E /* NSString+Util.m */; };
		9C91AEB7283A67D000C9EF0E /* UILabel+Util.m in Sources */ = {isa = PBXBuildFile; fileRef = 9C91AEB5283A67D000C9EF0E /* UILabel+Util.m */; };
		9C91AEBA283A6BC800C9EF0E /* LimitLabelTest1VC.m in Sources */ = {isa = PBXBuildFile; fileRef = 9C91AEB9283A6BC800C9EF0E /* LimitLabelTest1VC.m */; };
/* End PBXBuildFile section */

/* Begin PBXFileReference section */
		1FD8ED0DED45F07F6BF72E76 /* Pods_LimitLineLabel.framework */ = {isa = PBXFileReference; explicitFileType = wrapper.framework; includeInIndex = 0; path = Pods_LimitLineLabel.framework; sourceTree = BUILT_PRODUCTS_DIR; };
		6208CB0C82489498AD5F04F5 /* Pods-LimitLineLabel.debug.xcconfig */ = {isa = PBXFileReference; includeInIndex = 1; lastKnownFileType = text.xcconfig; name = "Pods-LimitLineLabel.debug.xcconfig"; path = "Target Support Files/Pods-LimitLineLabel/Pods-LimitLineLabel.debug.xcconfig"; sourceTree = "<group>"; };
		8E1CFD4A9BCFB1BC6690AB4D /* Pods-LimitLineLabel.release.xcconfig */ = {isa = PBXFileReference; includeInIndex = 1; lastKnownFileType = text.xcconfig; name = "Pods-LimitLineLabel.release.xcconfig"; path = "Target Support Files/Pods-LimitLineLabel/Pods-LimitLineLabel.release.xcconfig"; sourceTree = "<group>"; };
		9C91AE92283A639000C9EF0E /* LimitLineLabel.app */ = {isa = PBXFileReference; explicitFileType = wrapper.application; includeInIndex = 0; path = LimitLineLabel.app; sourceTree = BUILT_PRODUCTS_DIR; };
		9C91AE95283A639000C9EF0E /* AppDelegate.h */ = {isa = PBXFileReference; lastKnownFileType = sourcecode.c.h; path = AppDelegate.h; sourceTree = "<group>"; };
		9C91AE96283A639000C9EF0E /* AppDelegate.m */ = {isa = PBXFileReference; lastKnownFileType = sourcecode.c.objc; path = AppDelegate.m; sourceTree = "<group>"; };
		9C91AE98283A639000C9EF0E /* SceneDelegate.h */ = {isa = PBXFileReference; lastKnownFileType = sourcecode.c.h; path = SceneDelegate.h; sourceTree = "<group>"; };
		9C91AE99283A639000C9EF0E /* SceneDelegate.m */ = {isa = PBXFileReference; lastKnownFileType = sourcecode.c.objc; path = SceneDelegate.m; sourceTree = "<group>"; };
		9C91AE9B283A639000C9EF0E /* ViewController.h */ = {isa = PBXFileReference; lastKnownFileType = sourcecode.c.h; path = ViewController.h; sourceTree = "<group>"; };
		9C91AE9C283A639000C9EF0E /* ViewController.m */ = {isa = PBXFileReference; lastKnownFileType = sourcecode.c.objc; path = ViewController.m; sourceTree = "<group>"; };
		9C91AE9F283A639000C9EF0E /* Base */ = {isa = PBXFileReference; lastKnownFileType = file.storyboard; name = Base; path = Base.lproj/Main.storyboard; sourceTree = "<group>"; };
		9C91AEA1283A639700C9EF0E /* Assets.xcassets */ = {isa = PBXFileReference; lastKnownFileType = folder.assetcatalog; path = Assets.xcassets; sourceTree = "<group>"; };
		9C91AEA4283A639700C9EF0E /* Base */ = {isa = PBXFileReference; lastKnownFileType = file.storyboard; name = Base; path = Base.lproj/LaunchScreen.storyboard; sourceTree = "<group>"; };
		9C91AEA6283A639800C9EF0E /* Info.plist */ = {isa = PBXFileReference; lastKnownFileType = text.plist.xml; path = Info.plist; sourceTree = "<group>"; };
		9C91AEA7283A639800C9EF0E /* main.m */ = {isa = PBXFileReference; lastKnownFileType = sourcecode.c.objc; path = main.m; sourceTree = "<group>"; };
		9C91AEAE283A650800C9EF0E /* LimitLabelTableViewCell.h */ = {isa = PBXFileReference; lastKnownFileType = sourcecode.c.h; path = LimitLabelTableViewCell.h; sourceTree = "<group>"; };
		9C91AEAF283A650800C9EF0E /* LimitLabelTableViewCell.m */ = {isa = PBXFileReference; lastKnownFileType = sourcecode.c.objc; path = LimitLabelTableViewCell.m; sourceTree = "<group>"; };
		9C91AEB2283A67CF00C9EF0E /* NSString+Util.h */ = {isa = PBXFileReference; fileEncoding = 4; lastKnownFileType = sourcecode.c.h; path = "NSString+Util.h"; sourceTree = "<group>"; };
		9C91AEB3283A67CF00C9EF0E /* NSString+Util.m */ = {isa = PBXFileReference; fileEncoding = 4; lastKnownFileType = sourcecode.c.objc; path = "NSString+Util.m"; sourceTree = "<group>"; };
		9C91AEB4283A67CF00C9EF0E /* UILabel+Util.h */ = {isa = PBXFileReference; fileEncoding = 4; lastKnownFileType = sourcecode.c.h; path = "UILabel+Util.h"; sourceTree = "<group>"; };
		9C91AEB5283A67D000C9EF0E /* UILabel+Util.m */ = {isa = PBXFileReference; fileEncoding = 4; lastKnownFileType = sourcecode.c.objc; path = "UILabel+Util.m"; sourceTree = "<group>"; };
		9C91AEB8283A6BC800C9EF0E /* LimitLabelTest1VC.h */ = {isa = PBXFileReference; lastKnownFileType = sourcecode.c.h; path = LimitLabelTest1VC.h; sourceTree = "<group>"; };
		9C91AEB9283A6BC800C9EF0E /* LimitLabelTest1VC.m */ = {isa = PBXFileReference; lastKnownFileType = sourcecode.c.objc; path = LimitLabelTest1VC.m; sourceTree = "<group>"; };
/* End PBXFileReference section */

/* Begin PBXFrameworksBuildPhase section */
		9C91AE8F283A639000C9EF0E /* Frameworks */ = {
			isa = PBXFrameworksBuildPhase;
			buildActionMask = 2147483647;
			files = (
				60BBE8685229560C71B6C9E4 /* Pods_LimitLineLabel.framework in Frameworks */,
			);
			runOnlyForDeploymentPostprocessing = 0;
		};
/* End PBXFrameworksBuildPhase section */

/* Begin PBXGroup section */
		39AAFD6E29670FA072DAFF37 /* Frameworks */ = {
			isa = PBXGroup;
			children = (
				1FD8ED0DED45F07F6BF72E76 /* Pods_LimitLineLabel.framework */,
			);
			name = Frameworks;
			sourceTree = "<group>";
		};
		9C91AE89283A639000C9EF0E = {
			isa = PBXGroup;
			children = (
				9C91AE94283A639000C9EF0E /* LimitLineLabel */,
				9C91AE93283A639000C9EF0E /* Products */,
				9D061340621360B00F23CD1D /* Pods */,
				39AAFD6E29670FA072DAFF37 /* Frameworks */,
			);
			sourceTree = "<group>";
		};
		9C91AE93283A639000C9EF0E /* Products */ = {
			isa = PBXGroup;
			children = (
				9C91AE92283A639000C9EF0E /* LimitLineLabel.app */,
			);
			name = Products;
			sourceTree = "<group>";
		};
		9C91AE94283A639000C9EF0E /* LimitLineLabel */ = {
			isa = PBXGroup;
			children = (
				9C91AEB1283A67A200C9EF0E /* Util */,
				9C91AE95283A639000C9EF0E /* AppDelegate.h */,
				9C91AE96283A639000C9EF0E /* AppDelegate.m */,
				9C91AE98283A639000C9EF0E /* SceneDelegate.h */,
				9C91AE99283A639000C9EF0E /* SceneDelegate.m */,
				9C91AE9B283A639000C9EF0E /* ViewController.h */,
				9C91AE9C283A639000C9EF0E /* ViewController.m */,
				9C91AEAE283A650800C9EF0E /* LimitLabelTableViewCell.h */,
				9C91AEAF283A650800C9EF0E /* LimitLabelTableViewCell.m */,
				9C91AEB8283A6BC800C9EF0E /* LimitLabelTest1VC.h */,
				9C91AEB9283A6BC800C9EF0E /* LimitLabelTest1VC.m */,
				9C91AE9E283A639000C9EF0E /* Main.storyboard */,
				9C91AEA1283A639700C9EF0E /* Assets.xcassets */,
				9C91AEA3283A639700C9EF0E /* LaunchScreen.storyboard */,
				9C91AEA6283A639800C9EF0E /* Info.plist */,
				9C91AEA7283A639800C9EF0E /* main.m */,
			);
			path = LimitLineLabel;
			sourceTree = "<group>";
		};
		9C91AEB1283A67A200C9EF0E /* Util */ = {
			isa = PBXGroup;
			children = (
				9C91AEB2283A67CF00C9EF0E /* NSString+Util.h */,
				9C91AEB3283A67CF00C9EF0E /* NSString+Util.m */,
				9C91AEB4283A67CF00C9EF0E /* UILabel+Util.h */,
				9C91AEB5283A67D000C9EF0E /* UILabel+Util.m */,
			);
			path = Util;
			sourceTree = "<group>";
		};
		9D061340621360B00F23CD1D /* Pods */ = {
			isa = PBXGroup;
			children = (
				6208CB0C82489498AD5F04F5 /* Pods-LimitLineLabel.debug.xcconfig */,
				8E1CFD4A9BCFB1BC6690AB4D /* Pods-LimitLineLabel.release.xcconfig */,
			);
			path = Pods;
			sourceTree = "<group>";
		};
/* End PBXGroup section */

/* Begin PBXNativeTarget section */
		9C91AE91283A639000C9EF0E /* LimitLineLabel */ = {
			isa = PBXNativeTarget;
			buildConfigurationList = 9C91AEAB283A639800C9EF0E /* Build configuration list for PBXNativeTarget "LimitLineLabel" */;
			buildPhases = (
				39872F7CB2FD91180C9E548B /* [CP] Check Pods Manifest.lock */,
				9C91AE8E283A639000C9EF0E /* Sources */,
				9C91AE8F283A639000C9EF0E /* Frameworks */,
				9C91AE90283A639000C9EF0E /* Resources */,
				98AB0B5AA6112F1EBB76366E /* [CP] Embed Pods Frameworks */,
			);
			buildRules = (
			);
			dependencies = (
			);
			name = LimitLineLabel;
			productName = LimitLineLabel;
			productReference = 9C91AE92283A639000C9EF0E /* LimitLineLabel.app */;
			productType = "com.apple.product-type.application";
		};
/* End PBXNativeTarget section */

/* Begin PBXProject section */
		9C91AE8A283A639000C9EF0E /* Project object */ = {
			isa = PBXProject;
			attributes = {
				BuildIndependentTargetsInParallel = 1;
				LastUpgradeCheck = 1310;
				TargetAttributes = {
					9C91AE91283A639000C9EF0E = {
						CreatedOnToolsVersion = 13.1;
					};
				};
			};
			buildConfigurationList = 9C91AE8D283A639000C9EF0E /* Build configuration list for PBXProject "LimitLineLabel" */;
			compatibilityVersion = "Xcode 13.0";
			developmentRegion = en;
			hasScannedForEncodings = 0;
			knownRegions = (
				en,
				Base,
			);
			mainGroup = 9C91AE89283A639000C9EF0E;
			productRefGroup = 9C91AE93283A639000C9EF0E /* Products */;
			projectDirPath = "";
			projectRoot = "";
			targets = (
				9C91AE91283A639000C9EF0E /* LimitLineLabel */,
			);
		};
/* End PBXProject section */

/* Begin PBXResourcesBuildPhase section */
		9C91AE90283A639000C9EF0E /* Resources */ = {
			isa = PBXResourcesBuildPhase;
			buildActionMask = 2147483647;
			files = (
				9C91AEA5283A639700C9EF0E /* LaunchScreen.storyboard in Resources */,
				9C91AEA2283A639700C9EF0E /* Assets.xcassets in Resources */,
				9C91AEA0283A639000C9EF0E /* Main.storyboard in Resources */,
			);
			runOnlyForDeploymentPostprocessing = 0;
		};
/* End PBXResourcesBuildPhase section */

/* Begin PBXShellScriptBuildPhase section */
		39872F7CB2FD91180C9E548B /* [CP] Check Pods Manifest.lock */ = {
			isa = PBXShellScriptBuildPhase;
			buildActionMask = 2147483647;
			files = (
			);
			inputFileListPaths = (
			);
			inputPaths = (
				"${PODS_PODFILE_DIR_PATH}/Podfile.lock",
				"${PODS_ROOT}/Manifest.lock",
			);
			name = "[CP] Check Pods Manifest.lock";
			outputFileListPaths = (
			);
			outputPaths = (
				"$(DERIVED_FILE_DIR)/Pods-LimitLineLabel-checkManifestLockResult.txt",
			);
			runOnlyForDeploymentPostprocessing = 0;
			shellPath = /bin/sh;
			shellScript = "diff \"${PODS_PODFILE_DIR_PATH}/Podfile.lock\" \"${PODS_ROOT}/Manifest.lock\" > /dev/null\nif [ $? != 0 ] ; then\n    # print error to STDERR\n    echo \"error: The sandbox is not in sync with the Podfile.lock. Run 'pod install' or update your CocoaPods installation.\" >&2\n    exit 1\nfi\n# This output is used by Xcode 'outputs' to avoid re-running this script phase.\necho \"SUCCESS\" > \"${SCRIPT_OUTPUT_FILE_0}\"\n";
			showEnvVarsInLog = 0;
		};
		98AB0B5AA6112F1EBB76366E /* [CP] Embed Pods Frameworks */ = {
			isa = PBXShellScriptBuildPhase;
			buildActionMask = 2147483647;
			files = (
			);
			inputFileListPaths = (
				"${PODS_ROOT}/Target Support Files/Pods-LimitLineLabel/Pods-LimitLineLabel-frameworks-${CONFIGURATION}-input-files.xcfilelist",
			);
			name = "[CP] Embed Pods Frameworks";
			outputFileListPaths = (
				"${PODS_ROOT}/Target Support Files/Pods-LimitLineLabel/Pods-LimitLineLabel-frameworks-${CONFIGURATION}-output-files.xcfilelist",
			);
			runOnlyForDeploymentPostprocessing = 0;
			shellPath = /bin/sh;
			shellScript = "\"${PODS_ROOT}/Target Support Files/Pods-LimitLineLabel/Pods-LimitLineLabel-frameworks.sh\"\n";
			showEnvVarsInLog = 0;
		};
/* End PBXShellScriptBuildPhase section */

/* Begin PBXSourcesBuildPhase section */
		9C91AE8E283A639000C9EF0E /* Sources */ = {
			isa = PBXSourcesBuildPhase;
			buildActionMask = 2147483647;
			files = (
				9C91AE9D283A639000C9EF0E /* ViewController.m in Sources */,
				9C91AEB7283A67D000C9EF0E /* UILabel+Util.m in Sources */,
				9C91AEB6283A67D000C9EF0E /* NSString+Util.m in Sources */,
				9C91AEB0283A650800C9EF0E /* LimitLabelTableViewCell.m in Sources */,
				9C91AE97283A639000C9EF0E /* AppDelegate.m in Sources */,
				9C91AEA8283A639800C9EF0E /* main.m in Sources */,
				9C91AE9A283A639000C9EF0E /* SceneDelegate.m in Sources */,
				9C91AEBA283A6BC800C9EF0E /* LimitLabelTest1VC.m in Sources */,
			);
			runOnlyForDeploymentPostprocessing = 0;
		};
/* End PBXSourcesBuildPhase section */

/* Begin PBXVariantGroup section */
		9C91AE9E283A639000C9EF0E /* Main.storyboard */ = {
			isa = PBXVariantGroup;
			children = (
				9C91AE9F283A639000C9EF0E /* Base */,
			);
			name = Main.storyboard;
			sourceTree = "<group>";
		};
		9C91AEA3283A639700C9EF0E /* LaunchScreen.storyboard */ = {
			isa = PBXVariantGroup;
			children = (
				9C91AEA4283A639700C9EF0E /* Base */,
			);
			name = LaunchScreen.storyboard;
			sourceTree = "<group>";
		};
/* End PBXVariantGroup section */

/* Begin XCBuildConfiguration section */
		9C91AEA9283A639800C9EF0E /* Debug */ = {
			isa = XCBuildConfiguration;
			buildSettings = {
				ALWAYS_SEARCH_USER_PATHS = NO;
				CLANG_ANALYZER_NONNULL = YES;
				CLANG_ANALYZER_NUMBER_OBJECT_CONVERSION = YES_AGGRESSIVE;
				CLANG_CXX_LANGUAGE_STANDARD = "gnu++17";
				CLANG_CXX_LIBRARY = "libc++";
				CLANG_ENABLE_MODULES = YES;
				CLANG_ENABLE_OBJC_ARC = YES;
				CLANG_ENABLE_OBJC_WEAK = YES;
				CLANG_WARN_BLOCK_CAPTURE_AUTORELEASING = YES;
				CLANG_WARN_BOOL_CONVERSION = YES;
				CLANG_WARN_COMMA = YES;
				CLANG_WARN_CONSTANT_CONVERSION = YES;
				CLANG_WARN_DEPRECATED_OBJC_IMPLEMENTATIONS = YES;
				CLANG_WARN_DIRECT_OBJC_ISA_USAGE = YES_ERROR;
				CLANG_WARN_DOCUMENTATION_COMMENTS = YES;
				CLANG_WARN_EMPTY_BODY = YES;
				CLANG_WARN_ENUM_CONVERSION = YES;
				CLANG_WARN_INFINITE_RECURSION = YES;
				CLANG_WARN_INT_CONVERSION = YES;
				CLANG_WARN_NON_LITERAL_NULL_CONVERSION = YES;
				CLANG_WARN_OBJC_IMPLICIT_RETAIN_SELF = YES;
				CLANG_WARN_OBJC_LITERAL_CONVERSION = YES;
				CLANG_WARN_OBJC_ROOT_CLASS = YES_ERROR;
				CLANG_WARN_QUOTED_INCLUDE_IN_FRAMEWORK_HEADER = YES;
				CLANG_WARN_RANGE_LOOP_ANALYSIS = YES;
				CLANG_WARN_STRICT_PROTOTYPES = YES;
				CLANG_WARN_SUSPICIOUS_MOVE = YES;
				CLANG_WARN_UNGUARDED_AVAILABILITY = YES_AGGRESSIVE;
				CLANG_WARN_UNREACHABLE_CODE = YES;
				CLANG_WARN__DUPLICATE_METHOD_MATCH = YES;
				COPY_PHASE_STRIP = NO;
				DEBUG_INFORMATION_FORMAT = dwarf;
				ENABLE_STRICT_OBJC_MSGSEND = YES;
				ENABLE_TESTABILITY = YES;
				GCC_C_LANGUAGE_STANDARD = gnu11;
				GCC_DYNAMIC_NO_PIC = NO;
				GCC_NO_COMMON_BLOCKS = YES;
				GCC_OPTIMIZATION_LEVEL = 0;
				GCC_PREPROCESSOR_DEFINITIONS = (
					"DEBUG=1",
					"$(inherited)",
				);
				GCC_WARN_64_TO_32_BIT_CONVERSION = YES;
				GCC_WARN_ABOUT_RETURN_TYPE = YES_ERROR;
				GCC_WARN_UNDECLARED_SELECTOR = YES;
				GCC_WARN_UNINITIALIZED_AUTOS = YES_AGGRESSIVE;
				GCC_WARN_UNUSED_FUNCTION = YES;
				GCC_WARN_UNUSED_VARIABLE = YES;
				IPHONEOS_DEPLOYMENT_TARGET = 15.0;
				MTL_ENABLE_DEBUG_INFO = INCLUDE_SOURCE;
				MTL_FAST_MATH = YES;
				ONLY_ACTIVE_ARCH = YES;
				SDKROOT = iphoneos;
			};
			name = Debug;
		};
		9C91AEAA283A639800C9EF0E /* Release */ = {
			isa = XCBuildConfiguration;
			buildSettings = {
				ALWAYS_SEARCH_USER_PATHS = NO;
				CLANG_ANALYZER_NONNULL = YES;
				CLANG_ANALYZER_NUMBER_OBJECT_CONVERSION = YES_AGGRESSIVE;
				CLANG_CXX_LANGUAGE_STANDARD = "gnu++17";
				CLANG_CXX_LIBRARY = "libc++";
				CLANG_ENABLE_MODULES = YES;
				CLANG_ENABLE_OBJC_ARC = YES;
				CLANG_ENABLE_OBJC_WEAK = YES;
				CLANG_WARN_BLOCK_CAPTURE_AUTORELEASING = YES;
				CLANG_WARN_BOOL_CONVERSION = YES;
				CLANG_WARN_COMMA = YES;
				CLANG_WARN_CONSTANT_CONVERSION = YES;
				CLANG_WARN_DEPRECATED_OBJC_IMPLEMENTATIONS = YES;
				CLANG_WARN_DIRECT_OBJC_ISA_USAGE = YES_ERROR;
				CLANG_WARN_DOCUMENTATION_COMMENTS = YES;
				CLANG_WARN_EMPTY_BODY = YES;
				CLANG_WARN_ENUM_CONVERSION = YES;
				CLANG_WARN_INFINITE_RECURSION = YES;
				CLANG_WARN_INT_CONVERSION = YES;
				CLANG_WARN_NON_LITERAL_NULL_CONVERSION = YES;
				CLANG_WARN_OBJC_IMPLICIT_RETAIN_SELF = YES;
				CLANG_WARN_OBJC_LITERAL_CONVERSION = YES;
				CLANG_WARN_OBJC_ROOT_CLASS = YES_ERROR;
				CLANG_WARN_QUOTED_INCLUDE_IN_FRAMEWORK_HEADER = YES;
				CLANG_WARN_RANGE_LOOP_ANALYSIS = YES;
				CLANG_WARN_STRICT_PROTOTYPES = YES;
				CLANG_WARN_SUSPICIOUS_MOVE = YES;
				CLANG_WARN_UNGUARDED_AVAILABILITY = YES_AGGRESSIVE;
				CLANG_WARN_UNREACHABLE_CODE = YES;
				CLANG_WARN__DUPLICATE_METHOD_MATCH = YES;
				COPY_PHASE_STRIP = NO;
				DEBUG_INFORMATION_FORMAT = "dwarf-with-dsym";
				ENABLE_NS_ASSERTIONS = NO;
				ENABLE_STRICT_OBJC_MSGSEND = YES;
				GCC_C_LANGUAGE_STANDARD = gnu11;
				GCC_NO_COMMON_BLOCKS = YES;
				GCC_WARN_64_TO_32_BIT_CONVERSION = YES;
				GCC_WARN_ABOUT_RETURN_TYPE = YES_ERROR;
				GCC_WARN_UNDECLARED_SELECTOR = YES;
				GCC_WARN_UNINITIALIZED_AUTOS = YES_AGGRESSIVE;
				GCC_WARN_UNUSED_FUNCTION = YES;
				GCC_WARN_UNUSED_VARIABLE = YES;
				IPHONEOS_DEPLOYMENT_TARGET = 15.0;
				MTL_ENABLE_DEBUG_INFO = NO;
				MTL_FAST_MATH = YES;
				SDKROOT = iphoneos;
				VALIDATE_PRODUCT = YES;
			};
			name = Release;
		};
		9C91AEAC283A639800C9EF0E /* Debug */ = {
			isa = XCBuildConfiguration;
			baseConfigurationReference = 6208CB0C82489498AD5F04F5 /* Pods-LimitLineLabel.debug.xcconfig */;
			buildSettings = {
				ASSETCATALOG_COMPILER_APPICON_NAME = AppIcon;
				ASSETCATALOG_COMPILER_GLOBAL_ACCENT_COLOR_NAME = AccentColor;
				CODE_SIGN_STYLE = Automatic;
				CURRENT_PROJECT_VERSION = 1;
				DEVELOPMENT_TEAM = ZRL58ZH65T;
				GENERATE_INFOPLIST_FILE = YES;
				INFOPLIST_FILE = LimitLineLabel/Info.plist;
				INFOPLIST_KEY_UIApplicationSupportsIndirectInputEvents = YES;
				INFOPLIST_KEY_UILaunchStoryboardName = LaunchScreen;
				INFOPLIST_KEY_UIMainStoryboardFile = Main;
				INFOPLIST_KEY_UISupportedInterfaceOrientations_iPad = "UIInterfaceOrientationPortrait UIInterfaceOrientationPortraitUpsideDown UIInterfaceOrientationLandscapeLeft UIInterfaceOrientationLandscapeRight";
				INFOPLIST_KEY_UISupportedInterfaceOrientations_iPhone = "UIInterfaceOrientationPortrait UIInterfaceOrientationLandscapeLeft UIInterfaceOrientationLandscapeRight";
				LD_RUNPATH_SEARCH_PATHS = (
					"$(inherited)",
					"@executable_path/Frameworks",
				);
				MARKETING_VERSION = 1.0;
				PRODUCT_BUNDLE_IDENTIFIER = "--.LimitLineLabel";
				PRODUCT_NAME = "$(TARGET_NAME)";
				SWIFT_EMIT_LOC_STRINGS = YES;
				TARGETED_DEVICE_FAMILY = "1,2";
			};
			name = Debug;
		};
		9C91AEAD283A639800C9EF0E /* Release */ = {
			isa = XCBuildConfiguration;
			baseConfigurationReference = 8E1CFD4A9BCFB1BC6690AB4D /* Pods-LimitLineLabel.release.xcconfig */;
			buildSettings = {
				ASSETCATALOG_COMPILER_APPICON_NAME = AppIcon;
				ASSETCATALOG_COMPILER_GLOBAL_ACCENT_COLOR_NAME = AccentColor;
				CODE_SIGN_STYLE = Automatic;
				CURRENT_PROJECT_VERSION = 1;
				DEVELOPMENT_TEAM = ZRL58ZH65T;
				GENERATE_INFOPLIST_FILE = YES;
				INFOPLIST_FILE = LimitLineLabel/Info.plist;
				INFOPLIST_KEY_UIApplicationSupportsIndirectInputEvents = YES;
				INFOPLIST_KEY_UILaunchStoryboardName = LaunchScreen;
				INFOPLIST_KEY_UIMainStoryboardFile = Main;
				INFOPLIST_KEY_UISupportedInterfaceOrientations_iPad = "UIInterfaceOrientationPortrait UIInterfaceOrientationPortraitUpsideDown UIInterfaceOrientationLandscapeLeft UIInterfaceOrientationLandscapeRight";
				INFOPLIST_KEY_UISupportedInterfaceOrientations_iPhone = "UIInterfaceOrientationPortrait UIInterfaceOrientationLandscapeLeft UIInterfaceOrientationLandscapeRight";
				LD_RUNPATH_SEARCH_PATHS = (
					"$(inherited)",
					"@executable_path/Frameworks",
				);
				MARKETING_VERSION = 1.0;
				PRODUCT_BUNDLE_IDENTIFIER = "--.LimitLineLabel";
				PRODUCT_NAME = "$(TARGET_NAME)";
				SWIFT_EMIT_LOC_STRINGS = YES;
				TARGETED_DEVICE_FAMILY = "1,2";
			};
			name = Release;
		};
/* End XCBuildConfiguration section */

/* Begin XCConfigurationList section */
		9C91AE8D283A639000C9EF0E /* Build configuration list for PBXProject "LimitLineLabel" */ = {
			isa = XCConfigurationList;
			buildConfigurations = (
				9C91AEA9283A639800C9EF0E /* Debug */,
				9C91AEAA283A639800C9EF0E /* Release */,
			);
			defaultConfigurationIsVisible = 0;
			defaultConfigurationName = Release;
		};
		9C91AEAB283A639800C9EF0E /* Build configuration list for PBXNativeTarget "LimitLineLabel" */ = {
			isa = XCConfigurationList;
			buildConfigurations = (
				9C91AEAC283A639800C9EF0E /* Debug */,
				9C91AEAD283A639800C9EF0E /* Release */,
			);
			defaultConfigurationIsVisible = 0;
			defaultConfigurationName = Release;
		};
/* End XCConfigurationList section */
	};
	rootObject = 9C91AE8A283A639000C9EF0E /* Project object */;
}
